
Microsoft Visual Studio Solution File, Format Version 12.00
# Visual Studio Version 17
VisualStudioVersion = 17.0.31903.59
MinimumVisualStudioVersion = 10.0.40219.1
Project("{9A19103F-16F7-4668-BE54-9A1E7A4F7556}") = "API", "API\API.csproj", "{0511ECEF-430A-49B9-B120-E13856A208B1}"
EndProject
Project("{2150E333-8FDC-42A3-9474-1A3956D46DE8}") = "Solution Items", "Solution Items", "{899D0BEF-091A-4DBB-850C-CF3BC76A3B7E}"
	ProjectSection(SolutionItems) = preProject
		.editorconfig = .editorconfig
	EndProjectSection
EndProject
Project("{FAE04EC0-301F-11D3-BF4B-00C04F79EFBC}") = "Core", "Core\Core.csproj", "{207F2EC4-9C0B-491D-A44F-D48B175FB1E6}"
EndProject
Project("{FAE04EC0-301F-11D3-BF4B-00C04F79EFBC}") = "Infrastructure", "Infrastructure\Infrastructure.csproj", "{77300C81-C2A1-4859-8F93-3A7F8040DD6B}"
EndProject
Global
	GlobalSection(SolutionConfigurationPlatforms) = preSolution
		Debug|Any CPU = Debug|Any CPU
		Release|Any CPU = Release|Any CPU
	EndGlobalSection
	GlobalSection(ProjectConfigurationPlatforms) = postSolution
		{0511ECEF-430A-49B9-B120-E13856A208B1}.Debug|Any CPU.ActiveCfg = Debug|Any CPU
		{0511ECEF-430A-49B9-B120-E13856A208B1}.Debug|Any CPU.Build.0 = Debug|Any CPU
		{0511ECEF-430A-49B9-B120-E13856A208B1}.Release|Any CPU.ActiveCfg = Release|Any CPU
		{0511ECEF-430A-49B9-B120-E13856A208B1}.Release|Any CPU.Build.0 = Release|Any CPU
		{207F2EC4-9C0B-491D-A44F-D48B175FB1E6}.Debug|Any CPU.ActiveCfg = Debug|Any CPU
		{207F2EC4-9C0B-491D-A44F-D48B175FB1E6}.Debug|Any CPU.Build.0 = Debug|Any CPU
		{207F2EC4-9C0B-491D-A44F-D48B175FB1E6}.Release|Any CPU.ActiveCfg = Release|Any CPU
		{207F2EC4-9C0B-491D-A44F-D48B175FB1E6}.Release|Any CPU.Build.0 = Release|Any CPU
		{77300C81-C2A1-4859-8F93-3A7F8040DD6B}.Debug|Any CPU.ActiveCfg = Debug|Any CPU
		{77300C81-C2A1-4859-8F93-3A7F8040DD6B}.Debug|Any CPU.Build.0 = Debug|Any CPU
		{77300C81-C2A1-4859-8F93-3A7F8040DD6B}.Release|Any CPU.ActiveCfg = Release|Any CPU
		{77300C81-C2A1-4859-8F93-3A7F8040DD6B}.Release|Any CPU.Build.0 = Release|Any CPU
	EndGlobalSection
	GlobalSection(SolutionProperties) = preSolution
		HideSolutionNode = FALSE
	EndGlobalSection
	GlobalSection(ExtensibilityGlobals) = postSolution
		SolutionGuid = {83D9840B-0FF6-45C8-BEA5-928E56CA00B2}
	EndGlobalSection
EndGlobal
